
Microsoft Visual Studio Solution File, Format Version 12.00
# Visual Studio Version 16
VisualStudioVersion = 16.0.31129.286
MinimumVisualStudioVersion = 10.0.40219.1
Project("{FAE04EC0-301F-11D3-BF4B-00C04F79EFBC}") = "TestVersioning", "TestVersioning\TestVersioning.csproj", "{0D8E6F7C-148F-4689-AA32-5A1ED1292BD0}"
EndProject
Global
	GlobalSection(SolutionConfigurationPlatforms) = preSolution
		Debug|Any CPU = Debug|Any CPU
		Release|Any CPU = Release|Any CPU
	EndGlobalSection
	GlobalSection(ProjectConfigurationPlatforms) = postSolution
		{0D8E6F7C-148F-4689-AA32-5A1ED1292BD0}.Debug|Any CPU.ActiveCfg = Debug|Any CPU
		{0D8E6F7C-148F-4689-AA32-5A1ED1292BD0}.Debug|Any CPU.Build.0 = Debug|Any CPU
		{0D8E6F7C-148F-4689-AA32-5A1ED1292BD0}.Release|Any CPU.ActiveCfg = Release|Any CPU
		{0D8E6F7C-148F-4689-AA32-5A1ED1292BD0}.Release|Any CPU.Build.0 = Release|Any CPU
	EndGlobalSection
	GlobalSection(SolutionProperties) = preSolution
		HideSolutionNode = FALSE
	EndGlobalSection
	GlobalSection(ExtensibilityGlobals) = postSolution
		SolutionGuid = {1E80C804-0BE9-491E-A8CF-5A731D8BC63A}
	EndGlobalSection
EndGlobal
